
Microsoft Visual Studio Solution File, Format Version 12.00
# Visual Studio 2013
VisualStudioVersion = 12.0.21005.1
MinimumVisualStudioVersion = 10.0.40219.1
Project("{FAE04EC0-301F-11D3-BF4B-00C04F79EFBC}") = "Authenticator.Core", "Authenticator.Core\Authenticator.Core.csproj", "{331D3418-C13E-44C8-89D8-52B7F0513C11}"
EndProject
Project("{FAE04EC0-301F-11D3-BF4B-00C04F79EFBC}") = "Authenticator.Tests", "Authenticator.Tests\Authenticator.Tests.csproj", "{D6A3D0D7-9720-483D-A508-B9879814F42A}"
EndProject
Project("{2150E333-8FDC-42A3-9474-1A3956D46DE8}") = ".nuget", ".nuget", "{74D7DC17-014C-4018-83F4-39CB13A0CF6A}"
	ProjectSection(SolutionItems) = preProject
		.nuget\NuGet.Config = .nuget\NuGet.Config
		.nuget\NuGet.exe = .nuget\NuGet.exe
		.nuget\NuGet.targets = .nuget\NuGet.targets
	EndProjectSection
EndProject
Project("{FAE04EC0-301F-11D3-BF4B-00C04F79EFBC}") = "Authenticator.Net.ConsoleClient", "Authenticator.Net.ConsoleClient\Authenticator.Net.ConsoleClient.csproj", "{A0131A5F-2DD6-4EB6-9B05-AF498FEBBE52}"
EndProject
Global
	GlobalSection(SolutionConfigurationPlatforms) = preSolution
		Debug|Any CPU = Debug|Any CPU
		Release|Any CPU = Release|Any CPU
	EndGlobalSection
	GlobalSection(ProjectConfigurationPlatforms) = postSolution
		{331D3418-C13E-44C8-89D8-52B7F0513C11}.Debug|Any CPU.ActiveCfg = Debug|Any CPU
		{331D3418-C13E-44C8-89D8-52B7F0513C11}.Debug|Any CPU.Build.0 = Debug|Any CPU
		{331D3418-C13E-44C8-89D8-52B7F0513C11}.Release|Any CPU.ActiveCfg = Release|Any CPU
		{331D3418-C13E-44C8-89D8-52B7F0513C11}.Release|Any CPU.Build.0 = Release|Any CPU
		{D6A3D0D7-9720-483D-A508-B9879814F42A}.Debug|Any CPU.ActiveCfg = Debug|Any CPU
		{D6A3D0D7-9720-483D-A508-B9879814F42A}.Debug|Any CPU.Build.0 = Debug|Any CPU
		{D6A3D0D7-9720-483D-A508-B9879814F42A}.Release|Any CPU.ActiveCfg = Release|Any CPU
		{D6A3D0D7-9720-483D-A508-B9879814F42A}.Release|Any CPU.Build.0 = Release|Any CPU
		{A0131A5F-2DD6-4EB6-9B05-AF498FEBBE52}.Debug|Any CPU.ActiveCfg = Debug|Any CPU
		{A0131A5F-2DD6-4EB6-9B05-AF498FEBBE52}.Debug|Any CPU.Build.0 = Debug|Any CPU
		{A0131A5F-2DD6-4EB6-9B05-AF498FEBBE52}.Release|Any CPU.ActiveCfg = Release|Any CPU
		{A0131A5F-2DD6-4EB6-9B05-AF498FEBBE52}.Release|Any CPU.Build.0 = Release|Any CPU
	EndGlobalSection
	GlobalSection(SolutionProperties) = preSolution
		HideSolutionNode = FALSE
	EndGlobalSection
EndGlobal
